{
  "name": "mdck-dev-examples",
  "version": "1.0.0",
  "lockfileVersion": 3,
  "requires": true,
  "packages": {
    "": {
      "name": "mdck-dev-examples",
      "version": "1.0.0",
      "license": "MIT",
      "devDependencies": {
        "@mdck/cli": "file:../../packages/cli",
        "@mdck/parser": "file:../../packages/parser"
      },
      "engines": {
        "node": ">=18.0.0"
      }
    },
    "../../packages/cli": {
      "name": "@mdck/cli",
      "version": "1.0.0",
      "dev": true,
      "dependencies": {
        "@mdck/parser": "workspace:*",
        "chalk": "^5.4.1",
        "commander": "^14.0.0",
        "ora": "^8.2.0"
      },
      "bin": {
        "mdck": "dist/index.mjs"
      },
      "devDependencies": {
        "@mdck/eslint-config-custom": "workspace:*",
        "@mdck/tsconfig": "workspace:*",
        "typescript": "^5.8.3",
        "vitest": "^3.2.4"
      }
    },
    "../../packages/parser": {
      "name": "@mdck/parser",
      "version": "1.0.0",
      "dev": true,
      "dependencies": {
        "mdast-util-directive": "^3.1.0",
        "remark": "^15.0.1",
        "remark-directive": "^4.0.0",
        "remark-parse": "^11.0.0",
        "remark-stringify": "^11.0.0",
        "unified": "^11.0.5",
        "unist-util-visit": "^5.0.0",
        "yaml": "^2.8.0"
      },
      "devDependencies": {
        "@mdck/eslint-config-custom": "workspace:*",
        "@mdck/tsconfig": "workspace:*",
        "@types/mdast": "^4.0.4",
        "tsx": "^4.20.3",
        "typescript": "^5.8.3",
        "vitest": "^3.2.4"
      }
    },
    "node_modules/@mdck/cli": {
      "resolved": "../../packages/cli",
      "link": true
    },
    "node_modules/@mdck/parser": {
      "resolved": "../../packages/parser",
      "link": true
    }
  }
}
